# THIS IS AN AUTOGENERATED FILE. DO NOT EDIT THIS FILE DIRECTLY.
# yarn lockfile v1


"@babel/code-frame@^7.0.0", "@babel/code-frame@^7.5.5":
  version "7.5.5"
  resolved "https://registry.yarnpkg.com/@babel/code-frame/-/code-frame-7.5.5.tgz#bc0782f6d69f7b7d49531219699b988f669a8f9d"
  integrity sha512-27d4lZoomVyo51VegxI20xZPuSHusqbQag/ztrBC7wegWoQ1nLREPVSKSW8byhTlzTKyNE4ifaTA6lCp7JjpFw==
  dependencies:
    "@babel/highlight" "^7.0.0"

"@babel/generator@^7.6.3":
  version "7.6.4"
  resolved "https://registry.yarnpkg.com/@babel/generator/-/generator-7.6.4.tgz#a4f8437287bf9671b07f483b76e3bb731bc97671"
  integrity sha512-jsBuXkFoZxk0yWLyGI9llT9oiQ2FeTASmRFE32U+aaDTfoE92t78eroO7PTpU/OrYq38hlcDM6vbfLDaOLy+7w==
  dependencies:
    "@babel/types" "^7.6.3"
    jsesc "^2.5.1"
    lodash "^4.17.13"
    source-map "^0.5.0"

"@babel/helper-function-name@^7.1.0":
  version "7.1.0"
  resolved "https://registry.yarnpkg.com/@babel/helper-function-name/-/helper-function-name-7.1.0.tgz#a0ceb01685f73355d4360c1247f582bfafc8ff53"
  integrity sha512-A95XEoCpb3TO+KZzJ4S/5uW5fNe26DjBGqf1o9ucyLyCmi1dXq/B3c8iaWTfBk3VvetUxl16e8tIrd5teOCfGw==
  dependencies:
    "@babel/helper-get-function-arity" "^7.0.0"
    "@babel/template" "^7.1.0"
    "@babel/types" "^7.0.0"

"@babel/helper-get-function-arity@^7.0.0":
  version "7.0.0"
  resolved "https://registry.yarnpkg.com/@babel/helper-get-function-arity/-/helper-get-function-arity-7.0.0.tgz#83572d4320e2a4657263734113c42868b64e49c3"
  integrity sha512-r2DbJeg4svYvt3HOS74U4eWKsUAMRH01Z1ds1zx8KNTPtpTL5JAsdFv8BNyOpVqdFhHkkRDIg5B4AsxmkjAlmQ==
  dependencies:
    "@babel/types" "^7.0.0"

"@babel/helper-split-export-declaration@^7.4.4":
  version "7.4.4"
  resolved "https://registry.yarnpkg.com/@babel/helper-split-export-declaration/-/helper-split-export-declaration-7.4.4.tgz#ff94894a340be78f53f06af038b205c49d993677"
  integrity sha512-Ro/XkzLf3JFITkW6b+hNxzZ1n5OQ80NvIUdmHspih1XAhtN3vPTuUFT4eQnela+2MaZ5ulH+iyP513KJrxbN7Q==
  dependencies:
    "@babel/types" "^7.4.4"

"@babel/highlight@^7.0.0":
  version "7.5.0"
  resolved "https://registry.yarnpkg.com/@babel/highlight/-/highlight-7.5.0.tgz#56d11312bd9248fa619591d02472be6e8cb32540"
  integrity sha512-7dV4eu9gBxoM0dAnj/BCFDW9LFU0zvTrkq0ugM7pnHEgguOEeOz1so2ZghEdzviYzQEED0r4EAgpsBChKy1TRQ==
  dependencies:
    chalk "^2.0.0"
    esutils "^2.0.2"
    js-tokens "^4.0.0"

"@babel/parser@^7.5.5", "@babel/parser@^7.6.0", "@babel/parser@^7.6.3":
  version "7.6.4"
  resolved "https://registry.yarnpkg.com/@babel/parser/-/parser-7.6.4.tgz#cb9b36a7482110282d5cb6dd424ec9262b473d81"
  integrity sha512-D8RHPW5qd0Vbyo3qb+YjO5nvUVRTXFLQ/FsDxJU2Nqz4uB5EnUN0ZQSEYpvTIbRuttig1XbHWU5oMeQwQSAA+A==

"@babel/template@^7.1.0":
  version "7.6.0"
  resolved "https://registry.yarnpkg.com/@babel/template/-/template-7.6.0.tgz#7f0159c7f5012230dad64cca42ec9bdb5c9536e6"
  integrity sha512-5AEH2EXD8euCk446b7edmgFdub/qfH1SN6Nii3+fyXP807QRx9Q73A2N5hNwRRslC2H9sNzaFhsPubkS4L8oNQ==
  dependencies:
    "@babel/code-frame" "^7.0.0"
    "@babel/parser" "^7.6.0"
    "@babel/types" "^7.6.0"

"@babel/traverse@^7.5.5":
  version "7.6.3"
  resolved "https://registry.yarnpkg.com/@babel/traverse/-/traverse-7.6.3.tgz#66d7dba146b086703c0fb10dd588b7364cec47f9"
  integrity sha512-unn7P4LGsijIxaAJo/wpoU11zN+2IaClkQAxcJWBNCMS6cmVh802IyLHNkAjQ0iYnRS3nnxk5O3fuXW28IMxTw==
  dependencies:
    "@babel/code-frame" "^7.5.5"
    "@babel/generator" "^7.6.3"
    "@babel/helper-function-name" "^7.1.0"
    "@babel/helper-split-export-declaration" "^7.4.4"
    "@babel/parser" "^7.6.3"
    "@babel/types" "^7.6.3"
    debug "^4.1.0"
    globals "^11.1.0"
    lodash "^4.17.13"

"@babel/types@^7.0.0", "@babel/types@^7.4.4", "@babel/types@^7.6.0", "@babel/types@^7.6.3":
  version "7.6.3"
  resolved "https://registry.yarnpkg.com/@babel/types/-/types-7.6.3.tgz#3f07d96f854f98e2fbd45c64b0cb942d11e8ba09"
  integrity sha512-CqbcpTxMcpuQTMhjI37ZHVgjBkysg5icREQIEZ0eG1yCNwg3oy+5AaLiOKmjsCj6nqOsa6Hf0ObjRVwokb7srA==
  dependencies:
    esutils "^2.0.2"
    lodash "^4.17.13"
    to-fast-properties "^2.0.0"

"@fortawesome/fontawesome-common-types@^0.2.17":
  version "0.2.17"
  resolved "https://registry.yarnpkg.com/@fortawesome/fontawesome-common-types/-/fontawesome-common-types-0.2.17.tgz#d8c36e6f6f3b3415fa1f83eaffe4f41bd313715c"
  integrity sha512-DEYsEb/iiGVoMPQGjhG2uOylLVuMzTxOxysClkabZ5n80Q3oFDWGnshCLKvOvKoeClsgmKhWVrnnqvsMI1cAbw==

"@fortawesome/fontawesome-common-types@^0.2.25":
  version "0.2.25"
  resolved "https://registry.yarnpkg.com/@fortawesome/fontawesome-common-types/-/fontawesome-common-types-0.2.25.tgz#6df015905081f2762e5cfddeb7a20d2e9b16c786"
  integrity sha512-3RuZPDuuPELd7RXtUqTCfed14fcny9UiPOkdr2i+cYxBoTOfQgxcDoq77fHiiHcgWuo1LoBUpvGxFF1H/y7s3Q==

"@fortawesome/fontawesome-free@^5.11.2":
  version "5.11.2"
  resolved "https://registry.yarnpkg.com/@fortawesome/fontawesome-free/-/fontawesome-free-5.11.2.tgz#8644bc25b19475779a7b7c1fc104bc0a794f4465"
  integrity sha512-XiUPoS79r1G7PcpnNtq85TJ7inJWe0v+b5oZJZKb0pGHNIV6+UiNeQWiFGmuQ0aj7GEhnD/v9iqxIsjuRKtEnQ==

"@fortawesome/fontawesome-svg-core@^1.2.12":
  version "1.2.17"
  resolved "https://registry.yarnpkg.com/@fortawesome/fontawesome-svg-core/-/fontawesome-svg-core-1.2.17.tgz#8fce4402e824ebe99a04b1949d56d696eeae2e6d"
  integrity sha512-TORMW/wIX2QyyGBd4XwHGPir4/0U18Wxf+iDBAUW3EIJ0/VC/ZMpJOiyiCe1f8g9h0PPzA7sqVtl8JtTUtm4uA==
  dependencies:
    "@fortawesome/fontawesome-common-types" "^0.2.17"

"@fortawesome/fontawesome-svg-core@^1.2.25":
  version "1.2.25"
  resolved "https://registry.yarnpkg.com/@fortawesome/fontawesome-svg-core/-/fontawesome-svg-core-1.2.25.tgz#24b03391d14f0c6171e8cad7057c687b74049790"
  integrity sha512-MotKnn53JKqbkLQiwcZSBJVYtTgIKFbh7B8+kd05TSnfKYPFmjKKI59o2fpz5t0Hzl35vVGU6+N4twoOpZUrqA==
  dependencies:
    "@fortawesome/fontawesome-common-types" "^0.2.25"

"@fortawesome/free-solid-svg-icons@^5.11.2":
  version "5.11.2"
  resolved "https://registry.yarnpkg.com/@fortawesome/free-solid-svg-icons/-/free-solid-svg-icons-5.11.2.tgz#2f2f1459743a27902b76655a0d0bc5ec4d945631"
  integrity sha512-zBue4i0PAZJUXOmLBBvM7L0O7wmsDC8dFv9IhpW5QL4kT9xhhVUsYg/LX1+5KaukWq4/cbDcKT+RT1aRe543sg==
  dependencies:
    "@fortawesome/fontawesome-common-types" "^0.2.25"

"@fortawesome/vue-fontawesome@^0.1.4":
  version "0.1.6"
  resolved "https://registry.yarnpkg.com/@fortawesome/vue-fontawesome/-/vue-fontawesome-0.1.6.tgz#18a0f4263b90f65180fc927325ba01896276ea04"
  integrity sha512-HAGRbrOuGDwwUmCYdpzR0hhNQ3EE30dOS4JiJKcoZ+S4M210CxyU0OXCgzIg3HzK/23rlpHbV8zi9PDDZDnuIw==

"@fortawesome/vue-fontawesome@^0.1.7":
  version "0.1.7"
  resolved "https://registry.yarnpkg.com/@fortawesome/vue-fontawesome/-/vue-fontawesome-0.1.7.tgz#121867297cafd141af78c67d92ab9f1ad4b7328b"
  integrity sha512-YCw2Q2m4fxzyFsPOH3uDYMoJztTD+pT+AAyse4LFpbdrBg+r8ueaVT8BFnXEjrGwMDJJeXrwJ5AOC6q/JWBI4w==

"@kazupon/vue-i18n-loader@^0.4.0":
  version "0.4.1"
  resolved "https://registry.yarnpkg.com/@kazupon/vue-i18n-loader/-/vue-i18n-loader-0.4.1.tgz#71730a821ff15754eb004629d673b47f8d80fdd1"
  integrity sha512-hVznmhnyoUKozGY7pwq/UtPL76UDzb+aiN2YksZZIzCY/MkEqih0MSyEmTGw7+HVWzJRPAlDyoRNR4tWKmkCRw==
  dependencies:
    js-yaml "^3.13.1"
    json5 "^2.1.0"

adler-32@~1.2.0:
  version "1.2.0"
  resolved "https://registry.yarnpkg.com/adler-32/-/adler-32-1.2.0.tgz#6a3e6bf0a63900ba15652808cb15c6813d1a5f25"
  integrity sha1-aj5r8KY5ALoVZSgIyxXGgT0aXyU=
  dependencies:
    exit-on-epipe "~1.0.1"
    printj "~1.1.0"

ansi-styles@^3.2.1:
  version "3.2.1"
  resolved "https://registry.yarnpkg.com/ansi-styles/-/ansi-styles-3.2.1.tgz#41fbb20243e50b12be0f04b8dedbf07520ce841d"
  integrity sha512-VT0ZI6kZRdTh8YyJw3SMbYm/u+NqfsAxEpWO0Pf9sq8/e94WxxOpPKx9FR1FlyCtOVDNOQ+8ntlqFxiRc+r5qA==
  dependencies:
    color-convert "^1.9.0"

argparse@^1.0.7:
  version "1.0.10"
  resolved "https://registry.yarnpkg.com/argparse/-/argparse-1.0.10.tgz#bcd6791ea5ae09725e17e5ad988134cd40b3d911"
  integrity sha512-o5Roy6tNG4SL/FOkCAN6RzjiakZS25RLYFrcMttJqbdd8BWrnA+fGz57iN5Pb06pvBGvl5gQ0B48dJlslXvoTg==
  dependencies:
    sprintf-js "~1.0.2"

cfb@^1.1.3:
  version "1.1.3"
  resolved "https://registry.yarnpkg.com/cfb/-/cfb-1.1.3.tgz#05de6816259c8e8bc32713aba905608ee385df66"
  integrity sha512-joXBW0nMuwV9no7UTMiyVJnQL6XIU3ThXVjFUDHgl9MpILPOomyfaGqC290VELZ48bbQKZXnQ81UT5HouTxHsw==
  dependencies:
    adler-32 "~1.2.0"
    commander "^2.16.0"
    crc-32 "~1.2.0"
    printj "~1.1.2"

chalk@^2.0.0:
  version "2.4.2"
  resolved "https://registry.yarnpkg.com/chalk/-/chalk-2.4.2.tgz#cd42541677a54333cf541a49108c1432b44c9424"
  integrity sha512-Mti+f9lpJNcwF4tWV8/OrTTtF1gZi+f8FqlyAdouralcFWFQWF2+NgCHShjkCb+IFBLq9buZwE1xckQU4peSuQ==
  dependencies:
    ansi-styles "^3.2.1"
    escape-string-regexp "^1.0.5"
    supports-color "^5.3.0"

codepage@~1.14.0:
  version "1.14.0"
  resolved "https://registry.yarnpkg.com/codepage/-/codepage-1.14.0.tgz#8cbe25481323559d7d307571b0fff91e7a1d2f99"
  integrity sha1-jL4lSBMjVZ19MHVxsP/5HnodL5k=
  dependencies:
    commander "~2.14.1"
    exit-on-epipe "~1.0.1"

color-convert@^1.9.0:
  version "1.9.3"
  resolved "https://registry.yarnpkg.com/color-convert/-/color-convert-1.9.3.tgz#bb71850690e1f136567de629d2d5471deda4c1e8"
  integrity sha512-QfAUtd+vFdAtFQcC8CCyYt1fYWxSqAiK2cSD6zDB8N3cpsEBAvRxp9zOGg6G/SHHJYAT88/az/IuDGALsNVbGg==
  dependencies:
    color-name "1.1.3"

color-name@1.1.3:
  version "1.1.3"
  resolved "https://registry.yarnpkg.com/color-name/-/color-name-1.1.3.tgz#a7d0558bd89c42f795dd42328f740831ca53bc25"
  integrity sha1-p9BVi9icQveV3UIyj3QIMcpTvCU=

commander@^2.16.0:
  version "2.20.0"
  resolved "https://registry.yarnpkg.com/commander/-/commander-2.20.0.tgz#d58bb2b5c1ee8f87b0d340027e9e94e222c5a422"
  integrity sha512-7j2y+40w61zy6YC2iRNpUe/NwhNyoXrYpHMrSunaMG64nRnaf96zO/KMQR4OyN/UnE5KLyEBnKHd4aG3rskjpQ==

commander@~2.14.1:
  version "2.14.1"
  resolved "https://registry.yarnpkg.com/commander/-/commander-2.14.1.tgz#2235123e37af8ca3c65df45b026dbd357b01b9aa"
  integrity sha512-+YR16o3rK53SmWHU3rEM3tPAh2rwb1yPcQX5irVn7mb0gXbwuCCrnkbV5+PBfETdfg1vui07nM6PCG1zndcjQw==

commander@~2.17.1:
  version "2.17.1"
  resolved "https://registry.yarnpkg.com/commander/-/commander-2.17.1.tgz#bd77ab7de6de94205ceacc72f1716d29f20a77bf"
  integrity sha512-wPMUt6FnH2yzG95SA6mzjQOEKUU3aLaDEmzs1ti+1E9h+CsrZghRlqEM/EJ4KscsQVG8uNN4uVreUeT8+drlgg==

cookie@^0.4.0:
  version "0.4.0"
  resolved "https://registry.yarnpkg.com/cookie/-/cookie-0.4.0.tgz#beb437e7022b3b6d49019d088665303ebe9c14ba"
  integrity sha512-+Hp8fLp57wnUSt0tY0tHEXh4voZRDnoIrZPqlo3DPiI4y9lwg/jqx+1Om94/W6ZaPDOUbnjOt/99w66zk+l1Xg==

crc-32@~1.2.0:
  version "1.2.0"
  resolved "https://registry.yarnpkg.com/crc-32/-/crc-32-1.2.0.tgz#cb2db6e29b88508e32d9dd0ec1693e7b41a18208"
  integrity sha512-1uBwHxF+Y/4yF5G48fwnKq6QsIXheor3ZLPT80yGBV1oEUwpPojlEhQbWKVw1VwcTQyMGHK1/XMmTjmlsmTTGA==
  dependencies:
    exit-on-epipe "~1.0.1"
    printj "~1.1.0"

debug@^4.1.0:
  version "4.1.1"
  resolved "https://registry.yarnpkg.com/debug/-/debug-4.1.1.tgz#3b72260255109c6b589cee050f1d516139664791"
  integrity sha512-pYAIzeRo8J6KPEaJ0VWOh5Pzkbw/RetuzehGM7QRRX5he4fPHx2rdKMB256ehJCkX+XRQm16eZLqLNS8RSZXZw==
  dependencies:
    ms "^2.1.1"

escape-string-regexp@^1.0.5:
  version "1.0.5"
  resolved "https://registry.yarnpkg.com/escape-string-regexp/-/escape-string-regexp-1.0.5.tgz#1b61c0562190a8dff6ae3bb2cf0200ca130b86d4"
  integrity sha1-G2HAViGQqN/2rjuyzwIAyhMLhtQ=

esprima@^4.0.0:
  version "4.0.1"
  resolved "https://registry.yarnpkg.com/esprima/-/esprima-4.0.1.tgz#13b04cdb3e6c5d19df91ab6987a8695619b0aa71"
  integrity sha512-eGuFFw7Upda+g4p+QHvnW0RyTX/SVeJBDM/gCtMARO0cLuT2HcEKnTPvhjV6aGeqrCB/sbNop0Kszm0jsaWU4A==

esutils@^2.0.2:
  version "2.0.3"
  resolved "https://registry.yarnpkg.com/esutils/-/esutils-2.0.3.tgz#74d2eb4de0b8da1293711910d50775b9b710ef64"
  integrity sha512-kVscqXk4OCp68SZ0dkgEKVi6/8ij300KBWTJq32P/dYeWTSwK41WyTxalN1eRmA5Z9UU/LX9D7FWSmV9SAYx6g==

exit-on-epipe@~1.0.1:
  version "1.0.1"
  resolved "https://registry.yarnpkg.com/exit-on-epipe/-/exit-on-epipe-1.0.1.tgz#0bdd92e87d5285d267daa8171d0eb06159689692"
  integrity sha512-h2z5mrROTxce56S+pnvAV890uu7ls7f1kEvVGJbw1OlFH3/mlJ5bkXu0KRyW94v37zzHPiUd55iLn3DA7TjWpw==

frac@~1.1.2:
  version "1.1.2"
  resolved "https://registry.yarnpkg.com/frac/-/frac-1.1.2.tgz#3d74f7f6478c88a1b5020306d747dc6313c74d0b"
  integrity sha512-w/XBfkibaTl3YDqASwfDUqkna4Z2p9cFSr1aHDt0WoMTECnRfBOv2WArlZILlqgWlmdIlALXGpM2AOhEk5W3IA==

globals@^11.1.0:
  version "11.12.0"
  resolved "https://registry.yarnpkg.com/globals/-/globals-11.12.0.tgz#ab8795338868a0babd8525758018c2a7eb95c42e"
  integrity sha512-WOBp/EEGUiIsJSp7wcv/y6MO+lV9UoncWqxuFfm8eBwzWNgyfBd6Gz+IeKQ9jCmyhoH99g15M3T+QaVHFjizVA==

has-flag@^3.0.0:
  version "3.0.0"
  resolved "https://registry.yarnpkg.com/has-flag/-/has-flag-3.0.0.tgz#b5d454dc2199ae225699f3467e5a07f3b955bafd"
  integrity sha1-tdRU3CGZriJWmfNGfloH87lVuv0=

is-https@^1.0.0:
  version "1.0.0"
  resolved "https://registry.yarnpkg.com/is-https/-/is-https-1.0.0.tgz#9c1dde000dc7e7288edb983bef379e498e7cb1bf"
  integrity sha512-1adLLwZT9XEXjzhQhZxd75uxf0l+xI9uTSFaZeSESjL3E1eXSPpO+u5RcgqtzeZ1KCaNvtEwZSTO2P4U5erVqQ==

js-cookie@^2.2.0:
  version "2.2.0"
  resolved "https://registry.yarnpkg.com/js-cookie/-/js-cookie-2.2.0.tgz#1b2c279a6eece380a12168b92485265b35b1effb"
  integrity sha1-Gywnmm7s44ChIWi5JIUmWzWx7/s=

js-tokens@^4.0.0:
  version "4.0.0"
  resolved "https://registry.yarnpkg.com/js-tokens/-/js-tokens-4.0.0.tgz#19203fb59991df98e3a287050d4647cdeaf32499"
  integrity sha512-RdJUflcE3cUzKiMqQgsCu06FPu9UdIJO0beYbPhHN4k6apgJtifcoCtT9bcxOpYBtpD2kCM6Sbzg4CausW/PKQ==

js-yaml@^3.13.1:
  version "3.13.1"
  resolved "https://registry.yarnpkg.com/js-yaml/-/js-yaml-3.13.1.tgz#aff151b30bfdfa8e49e05da22e7415e9dfa37847"
  integrity sha512-YfbcO7jXDdyj0DGxYVSlSeQNHbD7XPWvrVWeVUujrQEoZzWJIRrCPoyk6kL6IAjAG2IolMK4T0hNUe0HOUs5Jw==
  dependencies:
    argparse "^1.0.7"
    esprima "^4.0.0"

jsesc@^2.5.1:
  version "2.5.2"
  resolved "https://registry.yarnpkg.com/jsesc/-/jsesc-2.5.2.tgz#80564d2e483dacf6e8ef209650a67df3f0c283a4"
  integrity sha512-OYu7XEzjkCQ3C5Ps3QIZsQfNpqoJyZZA99wd9aWd05NCtC5pWOkShK2mkL6HXQR6/Cy2lbNdPlZBpuQHXE63gA==

json5@^2.1.0:
  version "2.1.1"
  resolved "https://registry.yarnpkg.com/json5/-/json5-2.1.1.tgz#81b6cb04e9ba496f1c7005d07b4368a2638f90b6"
  integrity sha512-l+3HXD0GEI3huGq1njuqtzYK8OYJyXMkOLtQ53pjWh89tvWS2h6l+1zMkYWqlb57+SiQodKZyvMEFb2X+KrFhQ==
  dependencies:
    minimist "^1.2.0"

lodash@^4.17.13:
  version "4.17.15"
  resolved "https://registry.yarnpkg.com/lodash/-/lodash-4.17.15.tgz#b447f6670a0455bbfeedd11392eff330ea097548"
  integrity sha512-8xOcRHvCjnocdS5cpwXQXVzmmh5e5+saE2QGoeQmbKmRS6J3VQppPOIt0MnmE+4xlZoumy0GPG0D0MVIQbNA1A==

minimist@^1.2.0:
  version "1.2.0"
  resolved "https://registry.yarnpkg.com/minimist/-/minimist-1.2.0.tgz#a35008b20f41383eec1fb914f4cd5df79a264284"
  integrity sha1-o1AIsg9BOD7sH7kU9M1d95omQoQ=

ms@^2.1.1:
  version "2.1.2"
  resolved "https://registry.yarnpkg.com/ms/-/ms-2.1.2.tgz#d09d1f357b443f493382a8eb3ccd183872ae6009"
  integrity sha512-sGkPx+VjMtmA6MX27oA4FBFELFCZZ4S4XqeGOXCv68tT+jb3vk/RyaKWP0PTKyWtmLSM0b+adUTEvbs1PEaH2w==

nuxt-fontawesome@^0.4.0:
  version "0.4.0"
  resolved "https://registry.yarnpkg.com/nuxt-fontawesome/-/nuxt-fontawesome-0.4.0.tgz#e1ea0cdda9ec6785739a86e9e3d42f62a8c10443"
  integrity sha512-4oHIot/WLUBFM7o944EQks7WmntD/YsLxZ+g9mJjY9pHw1FJZBaD7Bd+cDsXvl3h/0/f87QwIXf/AA+vOIY0Ag==
  dependencies:
    "@fortawesome/fontawesome-svg-core" "^1.2.12"
    "@fortawesome/vue-fontawesome" "^0.1.4"

nuxt-i18n@^6.3.0:
  version "6.3.0"
  resolved "https://registry.yarnpkg.com/nuxt-i18n/-/nuxt-i18n-6.3.0.tgz#b2af4a36f5dad1442a1b165d254a5b0f5137626f"
  integrity sha512-kx+L1qtvuc0KGKtn5qqIHIPHtyK3eLKxfMX2ai2WIISAz/pQPtAgEzL/xzun5UJ6uWja04NGpqa+FsQ/uwFZeg==
  dependencies:
    "@babel/parser" "^7.5.5"
    "@babel/traverse" "^7.5.5"
    "@kazupon/vue-i18n-loader" "^0.4.0"
    cookie "^0.4.0"
    is-https "^1.0.0"
    js-cookie "^2.2.0"
    vue-i18n "^8.12.0"
    vue-i18n-extensions "^0.2.1"

printj@~1.1.0, printj@~1.1.2:
  version "1.1.2"
  resolved "https://registry.yarnpkg.com/printj/-/printj-1.1.2.tgz#d90deb2975a8b9f600fb3a1c94e3f4c53c78a222"
  integrity sha512-zA2SmoLaxZyArQTOPj5LXecR+RagfPSU5Kw1qP+jkWeNlrq+eJZyY2oS68SU1Z/7/myXM4lo9716laOFAVStCQ==

source-map@^0.5.0:
  version "0.5.7"
  resolved "https://registry.yarnpkg.com/source-map/-/source-map-0.5.7.tgz#8a039d2d1021d22d1ea14c80d8ea468ba2ef3fcc"
  integrity sha1-igOdLRAh0i0eoUyA2OpGi6LvP8w=

sprintf-js@~1.0.2:
  version "1.0.3"
  resolved "https://registry.yarnpkg.com/sprintf-js/-/sprintf-js-1.0.3.tgz#04e6926f662895354f3dd015203633b857297e2c"
  integrity sha1-BOaSb2YolTVPPdAVIDYzuFcpfiw=

ssf@~0.10.2:
  version "0.10.2"
  resolved "https://registry.yarnpkg.com/ssf/-/ssf-0.10.2.tgz#65b2b4fcdfd967bc8e8383a41349009893115976"
  integrity sha512-rDhAPm9WyIsY8eZEKyE8Qsotb3j/wBdvMWBUsOhJdfhKGLfQidRjiBUV0y/MkyCLiXQ38FG6LWW/VYUtqlIDZQ==
  dependencies:
    frac "~1.1.2"

supports-color@^5.3.0:
  version "5.5.0"
  resolved "https://registry.yarnpkg.com/supports-color/-/supports-color-5.5.0.tgz#e2e69a44ac8772f78a1ec0b35b689df6530efc8f"
  integrity sha512-QjVjwdXIt408MIiAqCX4oUKsgU2EqAGzs2Ppkm4aQYbjm+ZEWEcW4SfFNTr4uMNZma0ey4f5lgLrkB0aX0QMow==
  dependencies:
    has-flag "^3.0.0"

to-fast-properties@^2.0.0:
  version "2.0.0"
  resolved "https://registry.yarnpkg.com/to-fast-properties/-/to-fast-properties-2.0.0.tgz#dc5e698cbd079265bc73e0377681a4e4e83f616e"
  integrity sha1-3F5pjL0HkmW8c+A3doGk5Og/YW4=

vue-i18n-extensions@^0.2.1:
  version "0.2.1"
  resolved "https://registry.yarnpkg.com/vue-i18n-extensions/-/vue-i18n-extensions-0.2.1.tgz#86ebea45a1f9c9594cd124f264e107aea193d7dd"
  integrity sha512-xBrItI7bEwBnG7eAlnyUARP41JYYn2+ABMR8q1Yh5FM9hHCbs4XPZwG+4+FPeIZ6b5gYk4YUP//m+fWiuU9z9A==

vue-i18n@^8.12.0:
  version "8.15.0"
  resolved "https://registry.yarnpkg.com/vue-i18n/-/vue-i18n-8.15.0.tgz#9b11ef8e7a124f67cdf788c8c90a81f3606240ed"
  integrity sha512-juJ/avAP39bOMycC+qQDLJ8U9z9LtLF/9PsRoJLBSfsYZo9bqYntyyX5QPicwlb1emJKjgxhZ3YofHiQcXBu0Q==

vuetify@^2.1.7:
  version "2.1.7"
  resolved "https://registry.yarnpkg.com/vuetify/-/vuetify-2.1.7.tgz#a4b0dbf4d9d149f1be0706f76a9532f4f0d32f1e"
  integrity sha512-BU+H03I4Daf/0fZP2pXxfo2sfhTf0XVeY2o+LJROJKiHbGofC2n9y3kcTD04c9h7W23q5CDrqaP9FEzkxudDqQ==

xlsx@^0.15.1:
  version "0.15.1"
  resolved "https://registry.yarnpkg.com/xlsx/-/xlsx-0.15.1.tgz#a767c4d412cbd0c95b30dbcd48bed7de428eb107"
  integrity sha512-z+o4+QPMc32EPboLCzJAz94o0Zyy+8jrmWTsVpfzwknFln9qDO6/HN1KrGGVC4//sGA7dh4R3HA4fhbGIKCDOA==
  dependencies:
    adler-32 "~1.2.0"
    cfb "^1.1.3"
    codepage "~1.14.0"
    commander "~2.17.1"
    crc-32 "~1.2.0"
    exit-on-epipe "~1.0.1"
    ssf "~0.10.2"
